
Microsoft Visual Studio Solution File, Format Version 12.00
# Visual Studio Version 16
VisualStudioVersion = 16.0.31911.196
MinimumVisualStudioVersion = 10.0.40219.1
Project("{FAE04EC0-301F-11D3-BF4B-00C04F79EFBC}") = "EJERCICIO PROPUESTO2", "EJERCICIO PROPUESTO2.csproj", "{812216B3-9997-4298-8286-D62284024CA0}"
EndProject
Global
	GlobalSection(SolutionConfigurationPlatforms) = preSolution
		Debug|Any CPU = Debug|Any CPU
		Release|Any CPU = Release|Any CPU
	EndGlobalSection
	GlobalSection(ProjectConfigurationPlatforms) = postSolution
		{812216B3-9997-4298-8286-D62284024CA0}.Debug|Any CPU.ActiveCfg = Debug|Any CPU
		{812216B3-9997-4298-8286-D62284024CA0}.Debug|Any CPU.Build.0 = Debug|Any CPU
		{812216B3-9997-4298-8286-D62284024CA0}.Release|Any CPU.ActiveCfg = Release|Any CPU
		{812216B3-9997-4298-8286-D62284024CA0}.Release|Any CPU.Build.0 = Release|Any CPU
	EndGlobalSection
	GlobalSection(SolutionProperties) = preSolution
		HideSolutionNode = FALSE
	EndGlobalSection
	GlobalSection(ExtensibilityGlobals) = postSolution
		SolutionGuid = {49C15869-1D6C-43EB-B907-38464C1E3AB1}
	EndGlobalSection
EndGlobal
