
Microsoft Visual Studio Solution File, Format Version 12.00
# Visual Studio Version 16
VisualStudioVersion = 16.0.31911.196
MinimumVisualStudioVersion = 10.0.40219.1
Project("{FAE04EC0-301F-11D3-BF4B-00C04F79EFBC}") = "FACTORES PRIMOS DE UN NUMERO", "FACTORES PRIMOS DE UN NUMERO.csproj", "{DDA70078-9D29-4117-9DFE-DE505B2212EC}"
EndProject
Global
	GlobalSection(SolutionConfigurationPlatforms) = preSolution
		Debug|Any CPU = Debug|Any CPU
		Release|Any CPU = Release|Any CPU
	EndGlobalSection
	GlobalSection(ProjectConfigurationPlatforms) = postSolution
		{DDA70078-9D29-4117-9DFE-DE505B2212EC}.Debug|Any CPU.ActiveCfg = Debug|Any CPU
		{DDA70078-9D29-4117-9DFE-DE505B2212EC}.Debug|Any CPU.Build.0 = Debug|Any CPU
		{DDA70078-9D29-4117-9DFE-DE505B2212EC}.Release|Any CPU.ActiveCfg = Release|Any CPU
		{DDA70078-9D29-4117-9DFE-DE505B2212EC}.Release|Any CPU.Build.0 = Release|Any CPU
	EndGlobalSection
	GlobalSection(SolutionProperties) = preSolution
		HideSolutionNode = FALSE
	EndGlobalSection
	GlobalSection(ExtensibilityGlobals) = postSolution
		SolutionGuid = {57257C2F-E476-4F3A-944E-C22C4FF585D3}
	EndGlobalSection
EndGlobal
