
Microsoft Visual Studio Solution File, Format Version 12.00
# Visual Studio Version 16
VisualStudioVersion = 16.0.31911.196
MinimumVisualStudioVersion = 10.0.40219.1
Project("{FAE04EC0-301F-11D3-BF4B-00C04F79EFBC}") = "MAYOR DE DOS NUMEROS", "MAYOR DE DOS NUMEROS.csproj", "{5F583776-0FCC-4EB2-9857-1AC7D723EFDF}"
EndProject
Global
	GlobalSection(SolutionConfigurationPlatforms) = preSolution
		Debug|Any CPU = Debug|Any CPU
		Release|Any CPU = Release|Any CPU
	EndGlobalSection
	GlobalSection(ProjectConfigurationPlatforms) = postSolution
		{5F583776-0FCC-4EB2-9857-1AC7D723EFDF}.Debug|Any CPU.ActiveCfg = Debug|Any CPU
		{5F583776-0FCC-4EB2-9857-1AC7D723EFDF}.Debug|Any CPU.Build.0 = Debug|Any CPU
		{5F583776-0FCC-4EB2-9857-1AC7D723EFDF}.Release|Any CPU.ActiveCfg = Release|Any CPU
		{5F583776-0FCC-4EB2-9857-1AC7D723EFDF}.Release|Any CPU.Build.0 = Release|Any CPU
	EndGlobalSection
	GlobalSection(SolutionProperties) = preSolution
		HideSolutionNode = FALSE
	EndGlobalSection
	GlobalSection(ExtensibilityGlobals) = postSolution
		SolutionGuid = {83313EF9-C0BA-40BF-8A98-8D87B8B41129}
	EndGlobalSection
EndGlobal
