
Microsoft Visual Studio Solution File, Format Version 12.00
# Visual Studio Version 16
VisualStudioVersion = 16.0.31911.196
MinimumVisualStudioVersion = 10.0.40219.1
Project("{FAE04EC0-301F-11D3-BF4B-00C04F79EFBC}") = "SUCESION DE N CUADROS", "SUCESION DE N CUADROS.csproj", "{4262C5ED-572A-443A-8F74-D5878CCA083C}"
EndProject
Global
	GlobalSection(SolutionConfigurationPlatforms) = preSolution
		Debug|Any CPU = Debug|Any CPU
		Release|Any CPU = Release|Any CPU
	EndGlobalSection
	GlobalSection(ProjectConfigurationPlatforms) = postSolution
		{4262C5ED-572A-443A-8F74-D5878CCA083C}.Debug|Any CPU.ActiveCfg = Debug|Any CPU
		{4262C5ED-572A-443A-8F74-D5878CCA083C}.Debug|Any CPU.Build.0 = Debug|Any CPU
		{4262C5ED-572A-443A-8F74-D5878CCA083C}.Release|Any CPU.ActiveCfg = Release|Any CPU
		{4262C5ED-572A-443A-8F74-D5878CCA083C}.Release|Any CPU.Build.0 = Release|Any CPU
	EndGlobalSection
	GlobalSection(SolutionProperties) = preSolution
		HideSolutionNode = FALSE
	EndGlobalSection
	GlobalSection(ExtensibilityGlobals) = postSolution
		SolutionGuid = {40B6FBFC-119F-41F8-9751-4A8AF0B941A9}
	EndGlobalSection
EndGlobal
