
Microsoft Visual Studio Solution File, Format Version 12.00
# Visual Studio Version 16
VisualStudioVersion = 16.0.31911.196
MinimumVisualStudioVersion = 10.0.40219.1
Project("{FAE04EC0-301F-11D3-BF4B-00C04F79EFBC}") = "FORMATOS DE SALIDA", "FORMATOS DE SALIDA.csproj", "{A7072FAF-CA8E-4AAF-BF3B-F532686B6FE8}"
EndProject
Global
	GlobalSection(SolutionConfigurationPlatforms) = preSolution
		Debug|Any CPU = Debug|Any CPU
		Release|Any CPU = Release|Any CPU
	EndGlobalSection
	GlobalSection(ProjectConfigurationPlatforms) = postSolution
		{A7072FAF-CA8E-4AAF-BF3B-F532686B6FE8}.Debug|Any CPU.ActiveCfg = Debug|Any CPU
		{A7072FAF-CA8E-4AAF-BF3B-F532686B6FE8}.Debug|Any CPU.Build.0 = Debug|Any CPU
		{A7072FAF-CA8E-4AAF-BF3B-F532686B6FE8}.Release|Any CPU.ActiveCfg = Release|Any CPU
		{A7072FAF-CA8E-4AAF-BF3B-F532686B6FE8}.Release|Any CPU.Build.0 = Release|Any CPU
	EndGlobalSection
	GlobalSection(SolutionProperties) = preSolution
		HideSolutionNode = FALSE
	EndGlobalSection
	GlobalSection(ExtensibilityGlobals) = postSolution
		SolutionGuid = {0C32AB0E-6FD8-4A3C-8C91-FC39E61B5382}
	EndGlobalSection
EndGlobal
