
Microsoft Visual Studio Solution File, Format Version 12.00
# Visual Studio Version 16
VisualStudioVersion = 16.0.31911.196
MinimumVisualStudioVersion = 10.0.40219.1
Project("{FAE04EC0-301F-11D3-BF4B-00C04F79EFBC}") = "BONO DEL EMPLEADO POR HIJO", "BONO DEL EMPLEADO POR HIJO.csproj", "{39441307-635B-45AA-85FD-AAEAABA4A8B9}"
EndProject
Global
	GlobalSection(SolutionConfigurationPlatforms) = preSolution
		Debug|Any CPU = Debug|Any CPU
		Release|Any CPU = Release|Any CPU
	EndGlobalSection
	GlobalSection(ProjectConfigurationPlatforms) = postSolution
		{39441307-635B-45AA-85FD-AAEAABA4A8B9}.Debug|Any CPU.ActiveCfg = Debug|Any CPU
		{39441307-635B-45AA-85FD-AAEAABA4A8B9}.Debug|Any CPU.Build.0 = Debug|Any CPU
		{39441307-635B-45AA-85FD-AAEAABA4A8B9}.Release|Any CPU.ActiveCfg = Release|Any CPU
		{39441307-635B-45AA-85FD-AAEAABA4A8B9}.Release|Any CPU.Build.0 = Release|Any CPU
	EndGlobalSection
	GlobalSection(SolutionProperties) = preSolution
		HideSolutionNode = FALSE
	EndGlobalSection
	GlobalSection(ExtensibilityGlobals) = postSolution
		SolutionGuid = {E68D0B92-CEB1-4987-8838-04C66B16CAE2}
	EndGlobalSection
EndGlobal
