
Microsoft Visual Studio Solution File, Format Version 12.00
# Visual Studio Version 16
VisualStudioVersion = 16.0.31911.196
MinimumVisualStudioVersion = 10.0.40219.1
Project("{FAE04EC0-301F-11D3-BF4B-00C04F79EFBC}") = "MAYOR DE TRES NUMEROS", "MAYOR DE TRES NUMEROS.csproj", "{DC420ABF-6167-4F61-BAB8-185EE87F3E7E}"
EndProject
Global
	GlobalSection(SolutionConfigurationPlatforms) = preSolution
		Debug|Any CPU = Debug|Any CPU
		Release|Any CPU = Release|Any CPU
	EndGlobalSection
	GlobalSection(ProjectConfigurationPlatforms) = postSolution
		{DC420ABF-6167-4F61-BAB8-185EE87F3E7E}.Debug|Any CPU.ActiveCfg = Debug|Any CPU
		{DC420ABF-6167-4F61-BAB8-185EE87F3E7E}.Debug|Any CPU.Build.0 = Debug|Any CPU
		{DC420ABF-6167-4F61-BAB8-185EE87F3E7E}.Release|Any CPU.ActiveCfg = Release|Any CPU
		{DC420ABF-6167-4F61-BAB8-185EE87F3E7E}.Release|Any CPU.Build.0 = Release|Any CPU
	EndGlobalSection
	GlobalSection(SolutionProperties) = preSolution
		HideSolutionNode = FALSE
	EndGlobalSection
	GlobalSection(ExtensibilityGlobals) = postSolution
		SolutionGuid = {10B7750E-A495-466E-82BA-3DF431C7F04A}
	EndGlobalSection
EndGlobal
