
Microsoft Visual Studio Solution File, Format Version 12.00
# Visual Studio Version 16
VisualStudioVersion = 16.0.31911.196
MinimumVisualStudioVersion = 10.0.40219.1
Project("{FAE04EC0-301F-11D3-BF4B-00C04F79EFBC}") = "DIA DE LA SEMANA", "DIA DE LA SEMANA.csproj", "{6AAB922F-9055-415F-85B9-573376848E7D}"
EndProject
Global
	GlobalSection(SolutionConfigurationPlatforms) = preSolution
		Debug|Any CPU = Debug|Any CPU
		Release|Any CPU = Release|Any CPU
	EndGlobalSection
	GlobalSection(ProjectConfigurationPlatforms) = postSolution
		{6AAB922F-9055-415F-85B9-573376848E7D}.Debug|Any CPU.ActiveCfg = Debug|Any CPU
		{6AAB922F-9055-415F-85B9-573376848E7D}.Debug|Any CPU.Build.0 = Debug|Any CPU
		{6AAB922F-9055-415F-85B9-573376848E7D}.Release|Any CPU.ActiveCfg = Release|Any CPU
		{6AAB922F-9055-415F-85B9-573376848E7D}.Release|Any CPU.Build.0 = Release|Any CPU
	EndGlobalSection
	GlobalSection(SolutionProperties) = preSolution
		HideSolutionNode = FALSE
	EndGlobalSection
	GlobalSection(ExtensibilityGlobals) = postSolution
		SolutionGuid = {3DD14C4D-C481-42D9-8B2E-C1C9B6CFE139}
	EndGlobalSection
EndGlobal
