
Microsoft Visual Studio Solution File, Format Version 12.00
# Visual Studio Version 16
VisualStudioVersion = 16.0.31911.196
MinimumVisualStudioVersion = 10.0.40219.1
Project("{FAE04EC0-301F-11D3-BF4B-00C04F79EFBC}") = "ESTADISTICA POR VOCAL", "ESTADISTICA POR VOCAL.csproj", "{BA47525D-5DA8-49CC-8028-9FB599EAF0CD}"
EndProject
Global
	GlobalSection(SolutionConfigurationPlatforms) = preSolution
		Debug|Any CPU = Debug|Any CPU
		Release|Any CPU = Release|Any CPU
	EndGlobalSection
	GlobalSection(ProjectConfigurationPlatforms) = postSolution
		{BA47525D-5DA8-49CC-8028-9FB599EAF0CD}.Debug|Any CPU.ActiveCfg = Debug|Any CPU
		{BA47525D-5DA8-49CC-8028-9FB599EAF0CD}.Debug|Any CPU.Build.0 = Debug|Any CPU
		{BA47525D-5DA8-49CC-8028-9FB599EAF0CD}.Release|Any CPU.ActiveCfg = Release|Any CPU
		{BA47525D-5DA8-49CC-8028-9FB599EAF0CD}.Release|Any CPU.Build.0 = Release|Any CPU
	EndGlobalSection
	GlobalSection(SolutionProperties) = preSolution
		HideSolutionNode = FALSE
	EndGlobalSection
	GlobalSection(ExtensibilityGlobals) = postSolution
		SolutionGuid = {AF8659D2-BBE0-4D2C-9949-08B6B32C1F62}
	EndGlobalSection
EndGlobal
