
Microsoft Visual Studio Solution File, Format Version 12.00
# Visual Studio Version 16
VisualStudioVersion = 16.0.31911.196
MinimumVisualStudioVersion = 10.0.40219.1
Project("{FAE04EC0-301F-11D3-BF4B-00C04F79EFBC}") = "Operaciones Basicas", "Operaciones Basicas.csproj", "{77DFF2AA-C526-493D-973E-6E4FE15D59A7}"
EndProject
Global
	GlobalSection(SolutionConfigurationPlatforms) = preSolution
		Debug|Any CPU = Debug|Any CPU
		Release|Any CPU = Release|Any CPU
	EndGlobalSection
	GlobalSection(ProjectConfigurationPlatforms) = postSolution
		{77DFF2AA-C526-493D-973E-6E4FE15D59A7}.Debug|Any CPU.ActiveCfg = Debug|Any CPU
		{77DFF2AA-C526-493D-973E-6E4FE15D59A7}.Debug|Any CPU.Build.0 = Debug|Any CPU
		{77DFF2AA-C526-493D-973E-6E4FE15D59A7}.Release|Any CPU.ActiveCfg = Release|Any CPU
		{77DFF2AA-C526-493D-973E-6E4FE15D59A7}.Release|Any CPU.Build.0 = Release|Any CPU
	EndGlobalSection
	GlobalSection(SolutionProperties) = preSolution
		HideSolutionNode = FALSE
	EndGlobalSection
	GlobalSection(ExtensibilityGlobals) = postSolution
		SolutionGuid = {08447A2C-7F60-4DF6-A480-D2AA540B048E}
	EndGlobalSection
EndGlobal
