
Microsoft Visual Studio Solution File, Format Version 12.00
# Visual Studio Version 16
VisualStudioVersion = 16.0.31911.196
MinimumVisualStudioVersion = 10.0.40219.1
Project("{FAE04EC0-301F-11D3-BF4B-00C04F79EFBC}") = "EjercicioPropesto3", "EjercicioPropesto3.csproj", "{3BF4AD5C-0F33-466E-A8A8-CC3A9DB2319A}"
EndProject
Global
	GlobalSection(SolutionConfigurationPlatforms) = preSolution
		Debug|Any CPU = Debug|Any CPU
		Release|Any CPU = Release|Any CPU
	EndGlobalSection
	GlobalSection(ProjectConfigurationPlatforms) = postSolution
		{3BF4AD5C-0F33-466E-A8A8-CC3A9DB2319A}.Debug|Any CPU.ActiveCfg = Debug|Any CPU
		{3BF4AD5C-0F33-466E-A8A8-CC3A9DB2319A}.Debug|Any CPU.Build.0 = Debug|Any CPU
		{3BF4AD5C-0F33-466E-A8A8-CC3A9DB2319A}.Release|Any CPU.ActiveCfg = Release|Any CPU
		{3BF4AD5C-0F33-466E-A8A8-CC3A9DB2319A}.Release|Any CPU.Build.0 = Release|Any CPU
	EndGlobalSection
	GlobalSection(SolutionProperties) = preSolution
		HideSolutionNode = FALSE
	EndGlobalSection
	GlobalSection(ExtensibilityGlobals) = postSolution
		SolutionGuid = {6D8658F5-6805-4717-9015-AD5D85C390A0}
	EndGlobalSection
EndGlobal
